
Microsoft Visual Studio Solution File, Format Version 12.00
# Visual Studio Version 17
VisualStudioVersion = 17.0.31919.166
MinimumVisualStudioVersion = 10.0.40219.1
Project("{9A19103F-16F7-4668-BE54-9A1E7A4F7556}") = "iTunes.SMTC", "iTunes.SMTC\iTunes.SMTC.csproj", "{7EF0B8EE-77AE-4C15-8479-06E7C9539212}"
EndProject
Project("{C7167F0D-BC9F-4E6E-AFE1-012C56B48DB5}") = "iTunes.SMTC (Package)", "iTunes.SMTC.Packaging\iTunes.SMTC (Package).wapproj", "{0D862E21-6EBB-4E3D-85BE-7EFBE5523E98}"
EndProject
Global
	GlobalSection(SolutionConfigurationPlatforms) = preSolution
		Debug|Any CPU = Debug|Any CPU
		Debug|ARM = Debug|ARM
		Debug|arm64 = Debug|arm64
		Debug|x64 = Debug|x64
		Debug|x86 = Debug|x86
		Release|Any CPU = Release|Any CPU
		Release|ARM = Release|ARM
		Release|arm64 = Release|arm64
		Release|x64 = Release|x64
		Release|x86 = Release|x86
		UnpackagedDebug|Any CPU = UnpackagedDebug|Any CPU
		UnpackagedDebug|ARM = UnpackagedDebug|ARM
		UnpackagedDebug|arm64 = UnpackagedDebug|arm64
		UnpackagedDebug|x64 = UnpackagedDebug|x64
		UnpackagedDebug|x86 = UnpackagedDebug|x86
		UnpackagedRelease|Any CPU = UnpackagedRelease|Any CPU
		UnpackagedRelease|ARM = UnpackagedRelease|ARM
		UnpackagedRelease|arm64 = UnpackagedRelease|arm64
		UnpackagedRelease|x64 = UnpackagedRelease|x64
		UnpackagedRelease|x86 = UnpackagedRelease|x86
	EndGlobalSection
	GlobalSection(ProjectConfigurationPlatforms) = postSolution
		{7EF0B8EE-77AE-4C15-8479-06E7C9539212}.Debug|Any CPU.ActiveCfg = Debug|x64
		{7EF0B8EE-77AE-4C15-8479-06E7C9539212}.Debug|Any CPU.Build.0 = Debug|x64
		{7EF0B8EE-77AE-4C15-8479-06E7C9539212}.Debug|Any CPU.Deploy.0 = Debug|x64
		{7EF0B8EE-77AE-4C15-8479-06E7C9539212}.Debug|ARM.ActiveCfg = Debug|x64
		{7EF0B8EE-77AE-4C15-8479-06E7C9539212}.Debug|ARM.Build.0 = Debug|x64
		{7EF0B8EE-77AE-4C15-8479-06E7C9539212}.Debug|ARM.Deploy.0 = Debug|x64
		{7EF0B8EE-77AE-4C15-8479-06E7C9539212}.Debug|arm64.ActiveCfg = Debug|arm64
		{7EF0B8EE-77AE-4C15-8479-06E7C9539212}.Debug|arm64.Build.0 = Debug|arm64
		{7EF0B8EE-77AE-4C15-8479-06E7C9539212}.Debug|arm64.Deploy.0 = Debug|arm64
		{7EF0B8EE-77AE-4C15-8479-06E7C9539212}.Debug|x64.ActiveCfg = Debug|x64
		{7EF0B8EE-77AE-4C15-8479-06E7C9539212}.Debug|x64.Build.0 = Debug|x64
		{7EF0B8EE-77AE-4C15-8479-06E7C9539212}.Debug|x64.Deploy.0 = Debug|x64
		{7EF0B8EE-77AE-4C15-8479-06E7C9539212}.Debug|x86.ActiveCfg = Debug|x86
		{7EF0B8EE-77AE-4C15-8479-06E7C9539212}.Debug|x86.Build.0 = Debug|x86
		{7EF0B8EE-77AE-4C15-8479-06E7C9539212}.Debug|x86.Deploy.0 = Debug|x86
		{7EF0B8EE-77AE-4C15-8479-06E7C9539212}.Release|Any CPU.ActiveCfg = Release|x64
		{7EF0B8EE-77AE-4C15-8479-06E7C9539212}.Release|Any CPU.Build.0 = Release|x64
		{7EF0B8EE-77AE-4C15-8479-06E7C9539212}.Release|Any CPU.Deploy.0 = Release|x64
		{7EF0B8EE-77AE-4C15-8479-06E7C9539212}.Release|ARM.ActiveCfg = Release|x64
		{7EF0B8EE-77AE-4C15-8479-06E7C9539212}.Release|ARM.Build.0 = Release|x64
		{7EF0B8EE-77AE-4C15-8479-06E7C9539212}.Release|ARM.Deploy.0 = Release|x64
		{7EF0B8EE-77AE-4C15-8479-06E7C9539212}.Release|arm64.ActiveCfg = Release|arm64
		{7EF0B8EE-77AE-4C15-8479-06E7C9539212}.Release|arm64.Build.0 = Release|arm64
		{7EF0B8EE-77AE-4C15-8479-06E7C9539212}.Release|arm64.Deploy.0 = Release|arm64
		{7EF0B8EE-77AE-4C15-8479-06E7C9539212}.Release|x64.ActiveCfg = Release|x64
		{7EF0B8EE-77AE-4C15-8479-06E7C9539212}.Release|x64.Build.0 = Release|x64
		{7EF0B8EE-77AE-4C15-8479-06E7C9539212}.Release|x64.Deploy.0 = Release|x64
		{7EF0B8EE-77AE-4C15-8479-06E7C9539212}.Release|x86.ActiveCfg = Release|x86
		{7EF0B8EE-77AE-4C15-8479-06E7C9539212}.Release|x86.Build.0 = Release|x86
		{7EF0B8EE-77AE-4C15-8479-06E7C9539212}.Release|x86.Deploy.0 = Release|x86
		{7EF0B8EE-77AE-4C15-8479-06E7C9539212}.UnpackagedDebug|Any CPU.ActiveCfg = UnpackagedDebug|x64
		{7EF0B8EE-77AE-4C15-8479-06E7C9539212}.UnpackagedDebug|Any CPU.Build.0 = UnpackagedDebug|x64
		{7EF0B8EE-77AE-4C15-8479-06E7C9539212}.UnpackagedDebug|ARM.ActiveCfg = UnpackagedDebug|x64
		{7EF0B8EE-77AE-4C15-8479-06E7C9539212}.UnpackagedDebug|ARM.Build.0 = UnpackagedDebug|x64
		{7EF0B8EE-77AE-4C15-8479-06E7C9539212}.UnpackagedDebug|ARM.Deploy.0 = UnpackagedDebug|x64
		{7EF0B8EE-77AE-4C15-8479-06E7C9539212}.UnpackagedDebug|arm64.ActiveCfg = UnpackagedDebug|arm64
		{7EF0B8EE-77AE-4C15-8479-06E7C9539212}.UnpackagedDebug|arm64.Build.0 = UnpackagedDebug|arm64
		{7EF0B8EE-77AE-4C15-8479-06E7C9539212}.UnpackagedDebug|x64.ActiveCfg = UnpackagedDebug|x64
		{7EF0B8EE-77AE-4C15-8479-06E7C9539212}.UnpackagedDebug|x64.Build.0 = UnpackagedDebug|x64
		{7EF0B8EE-77AE-4C15-8479-06E7C9539212}.UnpackagedDebug|x86.ActiveCfg = UnpackagedDebug|x86
		{7EF0B8EE-77AE-4C15-8479-06E7C9539212}.UnpackagedDebug|x86.Build.0 = UnpackagedDebug|x86
		{7EF0B8EE-77AE-4C15-8479-06E7C9539212}.UnpackagedRelease|Any CPU.ActiveCfg = UnpackagedRelease|x64
		{7EF0B8EE-77AE-4C15-8479-06E7C9539212}.UnpackagedRelease|Any CPU.Build.0 = UnpackagedRelease|x64
		{7EF0B8EE-77AE-4C15-8479-06E7C9539212}.UnpackagedRelease|ARM.ActiveCfg = UnpackagedRelease|x64
		{7EF0B8EE-77AE-4C15-8479-06E7C9539212}.UnpackagedRelease|ARM.Build.0 = UnpackagedRelease|x64
		{7EF0B8EE-77AE-4C15-8479-06E7C9539212}.UnpackagedRelease|ARM.Deploy.0 = UnpackagedRelease|x64
		{7EF0B8EE-77AE-4C15-8479-06E7C9539212}.UnpackagedRelease|arm64.ActiveCfg = UnpackagedRelease|arm64
		{7EF0B8EE-77AE-4C15-8479-06E7C9539212}.UnpackagedRelease|arm64.Build.0 = UnpackagedRelease|arm64
		{7EF0B8EE-77AE-4C15-8479-06E7C9539212}.UnpackagedRelease|x64.ActiveCfg = UnpackagedRelease|x64
		{7EF0B8EE-77AE-4C15-8479-06E7C9539212}.UnpackagedRelease|x64.Build.0 = UnpackagedRelease|x64
		{7EF0B8EE-77AE-4C15-8479-06E7C9539212}.UnpackagedRelease|x64.Deploy.0 = UnpackagedRelease|x64
		{7EF0B8EE-77AE-4C15-8479-06E7C9539212}.UnpackagedRelease|x86.ActiveCfg = UnpackagedRelease|x86
		{7EF0B8EE-77AE-4C15-8479-06E7C9539212}.UnpackagedRelease|x86.Build.0 = UnpackagedRelease|x86
		{0D862E21-6EBB-4E3D-85BE-7EFBE5523E98}.Debug|Any CPU.ActiveCfg = Debug|Any CPU
		{0D862E21-6EBB-4E3D-85BE-7EFBE5523E98}.Debug|Any CPU.Build.0 = Debug|Any CPU
		{0D862E21-6EBB-4E3D-85BE-7EFBE5523E98}.Debug|Any CPU.Deploy.0 = Debug|Any CPU
		{0D862E21-6EBB-4E3D-85BE-7EFBE5523E98}.Debug|ARM.ActiveCfg = Debug|ARM
		{0D862E21-6EBB-4E3D-85BE-7EFBE5523E98}.Debug|ARM.Build.0 = Debug|ARM
		{0D862E21-6EBB-4E3D-85BE-7EFBE5523E98}.Debug|ARM.Deploy.0 = Debug|ARM
		{0D862E21-6EBB-4E3D-85BE-7EFBE5523E98}.Debug|arm64.ActiveCfg = Debug|ARM64
		{0D862E21-6EBB-4E3D-85BE-7EFBE5523E98}.Debug|arm64.Build.0 = Debug|ARM64
		{0D862E21-6EBB-4E3D-85BE-7EFBE5523E98}.Debug|arm64.Deploy.0 = Debug|ARM64
		{0D862E21-6EBB-4E3D-85BE-7EFBE5523E98}.Debug|x64.ActiveCfg = Debug|x64
		{0D862E21-6EBB-4E3D-85BE-7EFBE5523E98}.Debug|x64.Build.0 = Debug|x64
		{0D862E21-6EBB-4E3D-85BE-7EFBE5523E98}.Debug|x64.Deploy.0 = Debug|x64
		{0D862E21-6EBB-4E3D-85BE-7EFBE5523E98}.Debug|x86.ActiveCfg = Debug|x86
		{0D862E21-6EBB-4E3D-85BE-7EFBE5523E98}.Debug|x86.Build.0 = Debug|x86
		{0D862E21-6EBB-4E3D-85BE-7EFBE5523E98}.Debug|x86.Deploy.0 = Debug|x86
		{0D862E21-6EBB-4E3D-85BE-7EFBE5523E98}.Release|Any CPU.ActiveCfg = Release|Any CPU
		{0D862E21-6EBB-4E3D-85BE-7EFBE5523E98}.Release|Any CPU.Build.0 = Release|Any CPU
		{0D862E21-6EBB-4E3D-85BE-7EFBE5523E98}.Release|Any CPU.Deploy.0 = Release|Any CPU
		{0D862E21-6EBB-4E3D-85BE-7EFBE5523E98}.Release|ARM.ActiveCfg = Release|ARM
		{0D862E21-6EBB-4E3D-85BE-7EFBE5523E98}.Release|ARM.Build.0 = Release|ARM
		{0D862E21-6EBB-4E3D-85BE-7EFBE5523E98}.Release|ARM.Deploy.0 = Release|ARM
		{0D862E21-6EBB-4E3D-85BE-7EFBE5523E98}.Release|arm64.ActiveCfg = Release|ARM64
		{0D862E21-6EBB-4E3D-85BE-7EFBE5523E98}.Release|arm64.Build.0 = Release|ARM64
		{0D862E21-6EBB-4E3D-85BE-7EFBE5523E98}.Release|arm64.Deploy.0 = Release|ARM64
		{0D862E21-6EBB-4E3D-85BE-7EFBE5523E98}.Release|x64.ActiveCfg = Release|x64
		{0D862E21-6EBB-4E3D-85BE-7EFBE5523E98}.Release|x64.Build.0 = Release|x64
		{0D862E21-6EBB-4E3D-85BE-7EFBE5523E98}.Release|x64.Deploy.0 = Release|x64
		{0D862E21-6EBB-4E3D-85BE-7EFBE5523E98}.Release|x86.ActiveCfg = Release|x86
		{0D862E21-6EBB-4E3D-85BE-7EFBE5523E98}.Release|x86.Build.0 = Release|x86
		{0D862E21-6EBB-4E3D-85BE-7EFBE5523E98}.Release|x86.Deploy.0 = Release|x86
		{0D862E21-6EBB-4E3D-85BE-7EFBE5523E98}.UnpackagedDebug|Any CPU.ActiveCfg = Debug|Any CPU
		{0D862E21-6EBB-4E3D-85BE-7EFBE5523E98}.UnpackagedDebug|Any CPU.Build.0 = Debug|Any CPU
		{0D862E21-6EBB-4E3D-85BE-7EFBE5523E98}.UnpackagedDebug|Any CPU.Deploy.0 = Debug|Any CPU
		{0D862E21-6EBB-4E3D-85BE-7EFBE5523E98}.UnpackagedDebug|ARM.ActiveCfg = Debug|ARM
		{0D862E21-6EBB-4E3D-85BE-7EFBE5523E98}.UnpackagedDebug|ARM.Build.0 = Debug|ARM
		{0D862E21-6EBB-4E3D-85BE-7EFBE5523E98}.UnpackagedDebug|ARM.Deploy.0 = Debug|ARM
		{0D862E21-6EBB-4E3D-85BE-7EFBE5523E98}.UnpackagedDebug|arm64.ActiveCfg = Debug|ARM64
		{0D862E21-6EBB-4E3D-85BE-7EFBE5523E98}.UnpackagedDebug|arm64.Build.0 = Debug|ARM64
		{0D862E21-6EBB-4E3D-85BE-7EFBE5523E98}.UnpackagedDebug|arm64.Deploy.0 = Debug|ARM64
		{0D862E21-6EBB-4E3D-85BE-7EFBE5523E98}.UnpackagedDebug|x64.ActiveCfg = Debug|x64
		{0D862E21-6EBB-4E3D-85BE-7EFBE5523E98}.UnpackagedDebug|x64.Build.0 = Debug|x64
		{0D862E21-6EBB-4E3D-85BE-7EFBE5523E98}.UnpackagedDebug|x64.Deploy.0 = Debug|x64
		{0D862E21-6EBB-4E3D-85BE-7EFBE5523E98}.UnpackagedDebug|x86.ActiveCfg = Debug|x86
		{0D862E21-6EBB-4E3D-85BE-7EFBE5523E98}.UnpackagedDebug|x86.Build.0 = Debug|x86
		{0D862E21-6EBB-4E3D-85BE-7EFBE5523E98}.UnpackagedDebug|x86.Deploy.0 = Debug|x86
		{0D862E21-6EBB-4E3D-85BE-7EFBE5523E98}.UnpackagedRelease|Any CPU.ActiveCfg = Release|Any CPU
		{0D862E21-6EBB-4E3D-85BE-7EFBE5523E98}.UnpackagedRelease|Any CPU.Build.0 = Release|Any CPU
		{0D862E21-6EBB-4E3D-85BE-7EFBE5523E98}.UnpackagedRelease|Any CPU.Deploy.0 = Release|Any CPU
		{0D862E21-6EBB-4E3D-85BE-7EFBE5523E98}.UnpackagedRelease|ARM.ActiveCfg = Release|ARM
		{0D862E21-6EBB-4E3D-85BE-7EFBE5523E98}.UnpackagedRelease|ARM.Build.0 = Release|ARM
		{0D862E21-6EBB-4E3D-85BE-7EFBE5523E98}.UnpackagedRelease|ARM.Deploy.0 = Release|ARM
		{0D862E21-6EBB-4E3D-85BE-7EFBE5523E98}.UnpackagedRelease|arm64.ActiveCfg = Release|ARM64
		{0D862E21-6EBB-4E3D-85BE-7EFBE5523E98}.UnpackagedRelease|arm64.Build.0 = Release|ARM64
		{0D862E21-6EBB-4E3D-85BE-7EFBE5523E98}.UnpackagedRelease|arm64.Deploy.0 = Release|ARM64
		{0D862E21-6EBB-4E3D-85BE-7EFBE5523E98}.UnpackagedRelease|x64.ActiveCfg = Release|x64
		{0D862E21-6EBB-4E3D-85BE-7EFBE5523E98}.UnpackagedRelease|x64.Build.0 = Release|x64
		{0D862E21-6EBB-4E3D-85BE-7EFBE5523E98}.UnpackagedRelease|x64.Deploy.0 = Release|x64
		{0D862E21-6EBB-4E3D-85BE-7EFBE5523E98}.UnpackagedRelease|x86.ActiveCfg = Release|x86
		{0D862E21-6EBB-4E3D-85BE-7EFBE5523E98}.UnpackagedRelease|x86.Build.0 = Release|x86
		{0D862E21-6EBB-4E3D-85BE-7EFBE5523E98}.UnpackagedRelease|x86.Deploy.0 = Release|x86
	EndGlobalSection
	GlobalSection(SolutionProperties) = preSolution
		HideSolutionNode = FALSE
	EndGlobalSection
	GlobalSection(ExtensibilityGlobals) = postSolution
		SolutionGuid = {2ABDA867-AD01-4FFB-8013-977723B3CF8C}
	EndGlobalSection
EndGlobal
